
Microsoft Visual Studio Solution File, Format Version 12.00
# Visual Studio Version 16
VisualStudioVersion = 16.0.29025.244
MinimumVisualStudioVersion = 10.0.40219.1
Project("{9A19103F-16F7-4668-BE54-9A1E7A4F7556}") = "Function", "..\Function\Function.csproj", "{0DC062D4-0491-49FA-8CEB-BADA3CB36DA7}"
EndProject
Global
	GlobalSection(SolutionConfigurationPlatforms) = preSolution
		Debug|Any CPU = Debug|Any CPU
		Release|Any CPU = Release|Any CPU
	EndGlobalSection
	GlobalSection(ProjectConfigurationPlatforms) = postSolution
		{0DC062D4-0491-49FA-8CEB-BADA3CB36DA7}.Debug|Any CPU.ActiveCfg = Debug|Any CPU
		{0DC062D4-0491-49FA-8CEB-BADA3CB36DA7}.Debug|Any CPU.Build.0 = Debug|Any CPU
		{0DC062D4-0491-49FA-8CEB-BADA3CB36DA7}.Release|Any CPU.ActiveCfg = Release|Any CPU
		{0DC062D4-0491-49FA-8CEB-BADA3CB36DA7}.Release|Any CPU.Build.0 = Release|Any CPU
	EndGlobalSection
	GlobalSection(SolutionProperties) = preSolution
		HideSolutionNode = FALSE
	EndGlobalSection
	GlobalSection(ExtensibilityGlobals) = postSolution
		SolutionGuid = {0681AAB2-24E1-4FCA-9D9B-16E1DD3554AF}
	EndGlobalSection
EndGlobal
